
Microsoft Visual Studio Solution File, Format Version 12.00
# Visual Studio 15
VisualStudioVersion = 15.0.27703.2026
MinimumVisualStudioVersion = 10.0.40219.1
Project("{FAE04EC0-301F-11D3-BF4B-00C04F79EFBC}") = "PackageTests.NetCoreApp", "PackageTests.NetCoreApp\PackageTests.NetCoreApp.csproj", "{041A8C1B-2AE9-4089-B26C-F8825E5FF98F}"
EndProject
Global
	GlobalSection(SolutionConfigurationPlatforms) = preSolution
		Debug|Any CPU = Debug|Any CPU
		Release|Any CPU = Release|Any CPU
	EndGlobalSection
	GlobalSection(ProjectConfigurationPlatforms) = postSolution
		{041A8C1B-2AE9-4089-B26C-F8825E5FF98F}.Debug|Any CPU.ActiveCfg = Debug|Any CPU
		{041A8C1B-2AE9-4089-B26C-F8825E5FF98F}.Debug|Any CPU.Build.0 = Debug|Any CPU
		{041A8C1B-2AE9-4089-B26C-F8825E5FF98F}.Release|Any CPU.ActiveCfg = Release|Any CPU
		{041A8C1B-2AE9-4089-B26C-F8825E5FF98F}.Release|Any CPU.Build.0 = Release|Any CPU
	EndGlobalSection
	GlobalSection(SolutionProperties) = preSolution
		HideSolutionNode = FALSE
	EndGlobalSection
	GlobalSection(ExtensibilityGlobals) = postSolution
		SolutionGuid = {0AA3B545-15AE-4335-AA40-FAE4339B0A54}
	EndGlobalSection
EndGlobal
